<?xml version="1.0" encoding="utf-8"?>
<Project ToolsVersion="16.0" xmlns="http://schemas.microsoft.com/developer/msbuild/2003">
  <ItemGroup>
    <ClCompile Include="C:\Users\annie\OneDrive\MyDevelopment\Microsoft\CocosProjects\AnnieBonavFirstGame\Classes\AppDelegate.cpp">
      <Filter>Source Files\Classes</Filter>
    </ClCompile>
    <ClCompile Include="C:\Users\annie\OneDrive\MyDevelopment\Microsoft\CocosProjects\AnnieBonavFirstGame\Classes\HelloWorldScene.cpp">
      <Filter>Source Files\Classes</Filter>
    </ClCompile>
    <ClCompile Include="C:\Users\annie\OneDrive\MyDevelopment\Microsoft\CocosProjects\AnnieBonavFirstGame\proj.win32\main.cpp">
      <Filter>Source Files\proj.win32</Filter>
    </ClCompile>
    <ClCompile Include="C:\Users\annie\OneDrive\MyDevelopment\Microsoft\CocosProjects\AnnieBonavFirstGame\cocos2d\cocos\precheader.cpp">
      <Filter>Source Files</Filter>
    </ClCompile>
    <ClCompile Include="..\Classes\TouchScene.cpp">
      <Filter>Source Files\Classes</Filter>
    </ClCompile>
    <ClCompile Include="..\Classes\MainMenu.cpp">
      <Filter>Source Files\Classes</Filter>
    </ClCompile>
    <ClCompile Include="..\Classes\InstructionsScene.cpp">
      <Filter>Source Files\Classes</Filter>
    </ClCompile>
    <ClCompile Include="..\Classes\AddTimeCardScene.cpp">
      <Filter>Source Files\Classes</Filter>
    </ClCompile>
    <ClCompile Include="..\Classes\FTW.cpp">
      <Filter>Source Files\Classes</Filter>
    </ClCompile>
    <ClCompile Include="..\Classes\Intern.cpp">
      <Filter>Source Files\Classes</Filter>
    </ClCompile>
    <ClCompile Include="..\Classes\Student.cpp">
      <Filter>Source Files\Classes</Filter>
    </ClCompile>
    <ClCompile Include="..\Classes\User.cpp">
      <Filter>Source Files\Classes</Filter>
    </ClCompile>
    <ClCompile Include="..\Classes\Worker.cpp">
      <Filter>Source Files\Classes</Filter>
    </ClCompile>
    <ClCompile Include="..\Classes\MyTime.cpp">
      <Filter>Source Files\Classes</Filter>
    </ClCompile>
    <ClCompile Include="..\Classes\TimeCard.cpp">
      <Filter>Source Files\Classes</Filter>
    </ClCompile>
  </ItemGroup>
  <ItemGroup>
    <ClInclude Include="C:\Users\annie\OneDrive\MyDevelopment\Microsoft\CocosProjects\AnnieBonavFirstGame\Classes\AppDelegate.h">
      <Filter>Source Files\Classes</Filter>
    </ClInclude>
    <ClInclude Include="C:\Users\annie\OneDrive\MyDevelopment\Microsoft\CocosProjects\AnnieBonavFirstGame\Classes\HelloWorldScene.h">
      <Filter>Source Files\Classes</Filter>
    </ClInclude>
    <ClInclude Include="C:\Users\annie\OneDrive\MyDevelopment\Microsoft\CocosProjects\AnnieBonavFirstGame\proj.win32\main.h">
      <Filter>Source Files\proj.win32</Filter>
    </ClInclude>
    <ClInclude Include="C:\Users\annie\OneDrive\MyDevelopment\Microsoft\CocosProjects\AnnieBonavFirstGame\proj.win32\resource.h">
      <Filter>Source Files\proj.win32</Filter>
    </ClInclude>
    <ClInclude Include="C:\Users\annie\OneDrive\MyDevelopment\Microsoft\CocosProjects\AnnieBonavFirstGame\Resources\CloseNormal.png">
      <Filter>Resources</Filter>
    </ClInclude>
    <ClInclude Include="C:\Users\annie\OneDrive\MyDevelopment\Microsoft\CocosProjects\AnnieBonavFirstGame\Resources\CloseSelected.png">
      <Filter>Resources</Filter>
    </ClInclude>
    <ClInclude Include="C:\Users\annie\OneDrive\MyDevelopment\Microsoft\CocosProjects\AnnieBonavFirstGame\Resources\HelloWorld.png">
      <Filter>Resources</Filter>
    </ClInclude>
    <ClInclude Include="C:\Users\annie\OneDrive\MyDevelopment\Microsoft\CocosProjects\AnnieBonavFirstGame\Resources\fonts\Marker Felt.ttf">
      <Filter>Resources\fonts</Filter>
    </ClInclude>
    <ClInclude Include="C:\Users\annie\OneDrive\MyDevelopment\Microsoft\CocosProjects\AnnieBonavFirstGame\Resources\fonts\arial.ttf">
      <Filter>Resources\fonts</Filter>
    </ClInclude>
    <ClInclude Include="C:\Users\annie\OneDrive\MyDevelopment\Microsoft\CocosProjects\AnnieBonavFirstGame\Resources\res\.gitkeep">
      <Filter>Resources\res</Filter>
    </ClInclude>
    <ClInclude Include="..\Classes\TouchScene.h">
      <Filter>Source Files\Classes</Filter>
    </ClInclude>
    <ClInclude Include="..\Classes\MainMenu.h">
      <Filter>Source Files\Classes</Filter>
    </ClInclude>
    <ClInclude Include="..\Classes\InstructionsScene.h">
      <Filter>Source Files\Classes</Filter>
    </ClInclude>
    <ClInclude Include="..\Classes\AddTimeCardScene.h">
      <Filter>Source Files\Classes</Filter>
    </ClInclude>
    <ClInclude Include="..\Classes\FTW.h">
      <Filter>Source Files\Classes</Filter>
    </ClInclude>
    <ClInclude Include="..\Classes\Intern.h">
      <Filter>Source Files\Classes</Filter>
    </ClInclude>
    <ClInclude Include="..\Classes\Student.h">
      <Filter>Source Files\Classes</Filter>
    </ClInclude>
    <ClInclude Include="..\Classes\User.h">
      <Filter>Source Files\Classes</Filter>
    </ClInclude>
    <ClInclude Include="..\Classes\Worker.h">
      <Filter>Source Files\Classes</Filter>
    </ClInclude>
    <ClInclude Include="..\Classes\MyTime.h">
      <Filter>Source Files\Classes</Filter>
    </ClInclude>
    <ClInclude Include="..\Classes\TimeCard.h">
      <Filter>Source Files\Classes</Filter>
    </ClInclude>
  </ItemGroup>
  <ItemGroup>
    <CustomBuild Include="C:\Users\annie\OneDrive\MyDevelopment\Microsoft\CocosProjects\AnnieBonavFirstGame\CMakeLists.txt" />
  </ItemGroup>
  <ItemGroup>
    <ResourceCompile Include="C:\Users\annie\OneDrive\MyDevelopment\Microsoft\CocosProjects\AnnieBonavFirstGame\proj.win32\game.rc">
      <Filter>Source Files\proj.win32</Filter>
    </ResourceCompile>
  </ItemGroup>
  <ItemGroup>
    <Filter Include="Resources">
      <UniqueIdentifier>{3831A1FF-DCEE-3630-8BA1-B5D70048DC35}</UniqueIdentifier>
    </Filter>
    <Filter Include="Resources\fonts">
      <UniqueIdentifier>{7BB4E6F9-8A10-3FF5-8F11-DEC696EB2E1D}</UniqueIdentifier>
    </Filter>
    <Filter Include="Resources\res">
      <UniqueIdentifier>{EB1A9C81-1E77-370C-9327-BAD391659D16}</UniqueIdentifier>
    </Filter>
    <Filter Include="Source Files">
      <UniqueIdentifier>{58F3E3C6-ABEE-3853-890B-90D9D1BE9FDF}</UniqueIdentifier>
    </Filter>
    <Filter Include="Source Files\Classes">
      <UniqueIdentifier>{27C1321E-C462-36F1-A165-090C02D874F0}</UniqueIdentifier>
    </Filter>
    <Filter Include="Source Files\proj.win32">
      <UniqueIdentifier>{7CE79ED1-D564-3CDD-8011-B9F7ADE73D3E}</UniqueIdentifier>
    </Filter>
  </ItemGroup>
  <ItemGroup>
    <Text Include="..\Classes\TimeCards.txt">
      <Filter>Source Files\Classes</Filter>
    </Text>
    <Text Include="..\Classes\Users.txt">
      <Filter>Source Files\Classes</Filter>
    </Text>
  </ItemGroup>
</Project>