
Microsoft Visual Studio Solution File, Format Version 12.00
# Visual Studio Version 16
Project("{2150E333-8FDC-42A3-9474-1A3956D46DE8}") = "CMakePredefinedTargets", "CMakePredefinedTargets", "{ECACDE79-349B-3DF5-B024-6145EC5381BB}"
EndProject
Project("{2150E333-8FDC-42A3-9474-1A3956D46DE8}") = "External", "External", "{CDA516D6-30C2-3B62-8598-D4C427978A68}"
EndProject
Project("{2150E333-8FDC-42A3-9474-1A3956D46DE8}") = "Internal", "Internal", "{8FC0D8BC-6D55-3EE5-A27D-1852A2295280}"
EndProject
Project("{8BC9CEB8-8B4A-11D0-8D11-00A0C91BC942}") = "ALL_BUILD", "ALL_BUILD.vcxproj", "{CF254709-95B7-39A4-9F0B-14B31D7C4A28}"
	ProjectSection(ProjectDependencies) = postProject
		{3AC65CE1-A6D8-38A7-9D30-5880E4CF8968} = {3AC65CE1-A6D8-38A7-9D30-5880E4CF8968}
		{EE8429F7-9FEE-375A-8CC3-CC559164B9DB} = {EE8429F7-9FEE-375A-8CC3-CC559164B9DB}
		{FAF17B3D-44BB-35A1-9101-2D296E9667F1} = {FAF17B3D-44BB-35A1-9101-2D296E9667F1}
		{16C01B8C-F334-3D81-B902-245C43C25CF0} = {16C01B8C-F334-3D81-B902-245C43C25CF0}
		{7CD1EBBB-2BE8-3414-AC5D-D9D2943D6B6E} = {7CD1EBBB-2BE8-3414-AC5D-D9D2943D6B6E}
		{3EF9D0B8-2784-3B36-AB4F-31D94533ADEE} = {3EF9D0B8-2784-3B36-AB4F-31D94533ADEE}
		{80A31CDF-880B-3D6B-B542-7935F7056B06} = {80A31CDF-880B-3D6B-B542-7935F7056B06}
		{AE8E775B-A13B-3FB2-89D7-1101A210DA53} = {AE8E775B-A13B-3FB2-89D7-1101A210DA53}
		{004813DD-619F-3239-849E-A28AB19846CF} = {004813DD-619F-3239-849E-A28AB19846CF}
		{A22E122D-4464-320A-BC25-46861AF90C06} = {A22E122D-4464-320A-BC25-46861AF90C06}
		{A2EC0076-B9FB-35D1-9EF1-70ADC70B3C77} = {A2EC0076-B9FB-35D1-9EF1-70ADC70B3C77}
		{9E2CDA04-94B7-3DFB-B241-747C67F9D781} = {9E2CDA04-94B7-3DFB-B241-747C67F9D781}
		{D265DA8A-6BBE-387A-8038-9B5DEB87427E} = {D265DA8A-6BBE-387A-8038-9B5DEB87427E}
	EndProjectSection
EndProject
Project("{8BC9CEB8-8B4A-11D0-8D11-00A0C91BC942}") = "ZERO_CHECK", "..\..\..\\ZERO_CHECK.vcxproj", "{3AC65CE1-A6D8-38A7-9D30-5880E4CF8968}"
	ProjectSection(ProjectDependencies) = postProject
	EndProjectSection
EndProject
Project("{8BC9CEB8-8B4A-11D0-8D11-00A0C91BC942}") = "cocos2d", "cocos2d.vcxproj", "{EE8429F7-9FEE-375A-8CC3-CC559164B9DB}"
	ProjectSection(ProjectDependencies) = postProject
		{3AC65CE1-A6D8-38A7-9D30-5880E4CF8968} = {3AC65CE1-A6D8-38A7-9D30-5880E4CF8968}
		{FAF17B3D-44BB-35A1-9101-2D296E9667F1} = {FAF17B3D-44BB-35A1-9101-2D296E9667F1}
		{16C01B8C-F334-3D81-B902-245C43C25CF0} = {16C01B8C-F334-3D81-B902-245C43C25CF0}
		{7CD1EBBB-2BE8-3414-AC5D-D9D2943D6B6E} = {7CD1EBBB-2BE8-3414-AC5D-D9D2943D6B6E}
		{3EF9D0B8-2784-3B36-AB4F-31D94533ADEE} = {3EF9D0B8-2784-3B36-AB4F-31D94533ADEE}
		{80A31CDF-880B-3D6B-B542-7935F7056B06} = {80A31CDF-880B-3D6B-B542-7935F7056B06}
		{AE8E775B-A13B-3FB2-89D7-1101A210DA53} = {AE8E775B-A13B-3FB2-89D7-1101A210DA53}
		{004813DD-619F-3239-849E-A28AB19846CF} = {004813DD-619F-3239-849E-A28AB19846CF}
		{A22E122D-4464-320A-BC25-46861AF90C06} = {A22E122D-4464-320A-BC25-46861AF90C06}
		{A2EC0076-B9FB-35D1-9EF1-70ADC70B3C77} = {A2EC0076-B9FB-35D1-9EF1-70ADC70B3C77}
		{9E2CDA04-94B7-3DFB-B241-747C67F9D781} = {9E2CDA04-94B7-3DFB-B241-747C67F9D781}
		{D265DA8A-6BBE-387A-8038-9B5DEB87427E} = {D265DA8A-6BBE-387A-8038-9B5DEB87427E}
	EndProjectSection
EndProject
Project("{8BC9CEB8-8B4A-11D0-8D11-00A0C91BC942}") = "ext_clipper", "..\..\external\clipper\ext_clipper.vcxproj", "{FAF17B3D-44BB-35A1-9101-2D296E9667F1}"
	ProjectSection(ProjectDependencies) = postProject
		{3AC65CE1-A6D8-38A7-9D30-5880E4CF8968} = {3AC65CE1-A6D8-38A7-9D30-5880E4CF8968}
	EndProjectSection
EndProject
Project("{8BC9CEB8-8B4A-11D0-8D11-00A0C91BC942}") = "ext_convertUTF", "..\..\external\ConvertUTF\ext_convertUTF.vcxproj", "{16C01B8C-F334-3D81-B902-245C43C25CF0}"
	ProjectSection(ProjectDependencies) = postProject
		{3AC65CE1-A6D8-38A7-9D30-5880E4CF8968} = {3AC65CE1-A6D8-38A7-9D30-5880E4CF8968}
	EndProjectSection
EndProject
Project("{8BC9CEB8-8B4A-11D0-8D11-00A0C91BC942}") = "ext_edtaa3func", "..\..\external\edtaa3func\ext_edtaa3func.vcxproj", "{7CD1EBBB-2BE8-3414-AC5D-D9D2943D6B6E}"
	ProjectSection(ProjectDependencies) = postProject
		{3AC65CE1-A6D8-38A7-9D30-5880E4CF8968} = {3AC65CE1-A6D8-38A7-9D30-5880E4CF8968}
	EndProjectSection
EndProject
Project("{8BC9CEB8-8B4A-11D0-8D11-00A0C91BC942}") = "ext_md5", "..\..\external\md5\ext_md5.vcxproj", "{3EF9D0B8-2784-3B36-AB4F-31D94533ADEE}"
	ProjectSection(ProjectDependencies) = postProject
		{3AC65CE1-A6D8-38A7-9D30-5880E4CF8968} = {3AC65CE1-A6D8-38A7-9D30-5880E4CF8968}
	EndProjectSection
EndProject
Project("{8BC9CEB8-8B4A-11D0-8D11-00A0C91BC942}") = "ext_poly2tri", "..\..\external\poly2tri\ext_poly2tri.vcxproj", "{80A31CDF-880B-3D6B-B542-7935F7056B06}"
	ProjectSection(ProjectDependencies) = postProject
		{3AC65CE1-A6D8-38A7-9D30-5880E4CF8968} = {3AC65CE1-A6D8-38A7-9D30-5880E4CF8968}
	EndProjectSection
EndProject
Project("{8BC9CEB8-8B4A-11D0-8D11-00A0C91BC942}") = "ext_recast", "..\..\external\recast\ext_recast.vcxproj", "{AE8E775B-A13B-3FB2-89D7-1101A210DA53}"
	ProjectSection(ProjectDependencies) = postProject
		{3AC65CE1-A6D8-38A7-9D30-5880E4CF8968} = {3AC65CE1-A6D8-38A7-9D30-5880E4CF8968}
	EndProjectSection
EndProject
Project("{8BC9CEB8-8B4A-11D0-8D11-00A0C91BC942}") = "ext_tinyxml2", "..\..\external\tinyxml2\ext_tinyxml2.vcxproj", "{004813DD-619F-3239-849E-A28AB19846CF}"
	ProjectSection(ProjectDependencies) = postProject
		{3AC65CE1-A6D8-38A7-9D30-5880E4CF8968} = {3AC65CE1-A6D8-38A7-9D30-5880E4CF8968}
	EndProjectSection
EndProject
Project("{8BC9CEB8-8B4A-11D0-8D11-00A0C91BC942}") = "ext_unzip", "..\..\external\unzip\ext_unzip.vcxproj", "{A22E122D-4464-320A-BC25-46861AF90C06}"
	ProjectSection(ProjectDependencies) = postProject
		{3AC65CE1-A6D8-38A7-9D30-5880E4CF8968} = {3AC65CE1-A6D8-38A7-9D30-5880E4CF8968}
	EndProjectSection
EndProject
Project("{8BC9CEB8-8B4A-11D0-8D11-00A0C91BC942}") = "ext_xxhash", "..\..\external\xxhash\ext_xxhash.vcxproj", "{A2EC0076-B9FB-35D1-9EF1-70ADC70B3C77}"
	ProjectSection(ProjectDependencies) = postProject
		{3AC65CE1-A6D8-38A7-9D30-5880E4CF8968} = {3AC65CE1-A6D8-38A7-9D30-5880E4CF8968}
	EndProjectSection
EndProject
Project("{8BC9CEB8-8B4A-11D0-8D11-00A0C91BC942}") = "ext_xxtea", "..\..\external\xxtea\ext_xxtea.vcxproj", "{9E2CDA04-94B7-3DFB-B241-747C67F9D781}"
	ProjectSection(ProjectDependencies) = postProject
		{3AC65CE1-A6D8-38A7-9D30-5880E4CF8968} = {3AC65CE1-A6D8-38A7-9D30-5880E4CF8968}
	EndProjectSection
EndProject
Project("{8BC9CEB8-8B4A-11D0-8D11-00A0C91BC942}") = "external", "..\..\external\external.vcxproj", "{D265DA8A-6BBE-387A-8038-9B5DEB87427E}"
	ProjectSection(ProjectDependencies) = postProject
		{3AC65CE1-A6D8-38A7-9D30-5880E4CF8968} = {3AC65CE1-A6D8-38A7-9D30-5880E4CF8968}
		{FAF17B3D-44BB-35A1-9101-2D296E9667F1} = {FAF17B3D-44BB-35A1-9101-2D296E9667F1}
		{16C01B8C-F334-3D81-B902-245C43C25CF0} = {16C01B8C-F334-3D81-B902-245C43C25CF0}
		{7CD1EBBB-2BE8-3414-AC5D-D9D2943D6B6E} = {7CD1EBBB-2BE8-3414-AC5D-D9D2943D6B6E}
		{3EF9D0B8-2784-3B36-AB4F-31D94533ADEE} = {3EF9D0B8-2784-3B36-AB4F-31D94533ADEE}
		{80A31CDF-880B-3D6B-B542-7935F7056B06} = {80A31CDF-880B-3D6B-B542-7935F7056B06}
		{AE8E775B-A13B-3FB2-89D7-1101A210DA53} = {AE8E775B-A13B-3FB2-89D7-1101A210DA53}
		{004813DD-619F-3239-849E-A28AB19846CF} = {004813DD-619F-3239-849E-A28AB19846CF}
		{A22E122D-4464-320A-BC25-46861AF90C06} = {A22E122D-4464-320A-BC25-46861AF90C06}
		{A2EC0076-B9FB-35D1-9EF1-70ADC70B3C77} = {A2EC0076-B9FB-35D1-9EF1-70ADC70B3C77}
		{9E2CDA04-94B7-3DFB-B241-747C67F9D781} = {9E2CDA04-94B7-3DFB-B241-747C67F9D781}
	EndProjectSection
EndProject
Global
	GlobalSection(SolutionConfigurationPlatforms) = preSolution
		Debug|Win32 = Debug|Win32
		Release|Win32 = Release|Win32
		MinSizeRel|Win32 = MinSizeRel|Win32
		RelWithDebInfo|Win32 = RelWithDebInfo|Win32
	EndGlobalSection
	GlobalSection(ProjectConfigurationPlatforms) = postSolution
		{CF254709-95B7-39A4-9F0B-14B31D7C4A28}.Debug|Win32.ActiveCfg = Debug|Win32
		{CF254709-95B7-39A4-9F0B-14B31D7C4A28}.Release|Win32.ActiveCfg = Release|Win32
		{CF254709-95B7-39A4-9F0B-14B31D7C4A28}.MinSizeRel|Win32.ActiveCfg = MinSizeRel|Win32
		{CF254709-95B7-39A4-9F0B-14B31D7C4A28}.RelWithDebInfo|Win32.ActiveCfg = RelWithDebInfo|Win32
		{3AC65CE1-A6D8-38A7-9D30-5880E4CF8968}.Debug|Win32.ActiveCfg = Debug|Win32
		{3AC65CE1-A6D8-38A7-9D30-5880E4CF8968}.Debug|Win32.Build.0 = Debug|Win32
		{3AC65CE1-A6D8-38A7-9D30-5880E4CF8968}.Release|Win32.ActiveCfg = Release|Win32
		{3AC65CE1-A6D8-38A7-9D30-5880E4CF8968}.Release|Win32.Build.0 = Release|Win32
		{3AC65CE1-A6D8-38A7-9D30-5880E4CF8968}.MinSizeRel|Win32.ActiveCfg = MinSizeRel|Win32
		{3AC65CE1-A6D8-38A7-9D30-5880E4CF8968}.MinSizeRel|Win32.Build.0 = MinSizeRel|Win32
		{3AC65CE1-A6D8-38A7-9D30-5880E4CF8968}.RelWithDebInfo|Win32.ActiveCfg = RelWithDebInfo|Win32
		{3AC65CE1-A6D8-38A7-9D30-5880E4CF8968}.RelWithDebInfo|Win32.Build.0 = RelWithDebInfo|Win32
		{EE8429F7-9FEE-375A-8CC3-CC559164B9DB}.Debug|Win32.ActiveCfg = Debug|Win32
		{EE8429F7-9FEE-375A-8CC3-CC559164B9DB}.Debug|Win32.Build.0 = Debug|Win32
		{EE8429F7-9FEE-375A-8CC3-CC559164B9DB}.Release|Win32.ActiveCfg = Release|Win32
		{EE8429F7-9FEE-375A-8CC3-CC559164B9DB}.Release|Win32.Build.0 = Release|Win32
		{EE8429F7-9FEE-375A-8CC3-CC559164B9DB}.MinSizeRel|Win32.ActiveCfg = MinSizeRel|Win32
		{EE8429F7-9FEE-375A-8CC3-CC559164B9DB}.MinSizeRel|Win32.Build.0 = MinSizeRel|Win32
		{EE8429F7-9FEE-375A-8CC3-CC559164B9DB}.RelWithDebInfo|Win32.ActiveCfg = RelWithDebInfo|Win32
		{EE8429F7-9FEE-375A-8CC3-CC559164B9DB}.RelWithDebInfo|Win32.Build.0 = RelWithDebInfo|Win32
		{FAF17B3D-44BB-35A1-9101-2D296E9667F1}.Debug|Win32.ActiveCfg = Debug|Win32
		{FAF17B3D-44BB-35A1-9101-2D296E9667F1}.Debug|Win32.Build.0 = Debug|Win32
		{FAF17B3D-44BB-35A1-9101-2D296E9667F1}.Release|Win32.ActiveCfg = Release|Win32
		{FAF17B3D-44BB-35A1-9101-2D296E9667F1}.Release|Win32.Build.0 = Release|Win32
		{FAF17B3D-44BB-35A1-9101-2D296E9667F1}.MinSizeRel|Win32.ActiveCfg = MinSizeRel|Win32
		{FAF17B3D-44BB-35A1-9101-2D296E9667F1}.MinSizeRel|Win32.Build.0 = MinSizeRel|Win32
		{FAF17B3D-44BB-35A1-9101-2D296E9667F1}.RelWithDebInfo|Win32.ActiveCfg = RelWithDebInfo|Win32
		{FAF17B3D-44BB-35A1-9101-2D296E9667F1}.RelWithDebInfo|Win32.Build.0 = RelWithDebInfo|Win32
		{16C01B8C-F334-3D81-B902-245C43C25CF0}.Debug|Win32.ActiveCfg = Debug|Win32
		{16C01B8C-F334-3D81-B902-245C43C25CF0}.Debug|Win32.Build.0 = Debug|Win32
		{16C01B8C-F334-3D81-B902-245C43C25CF0}.Release|Win32.ActiveCfg = Release|Win32
		{16C01B8C-F334-3D81-B902-245C43C25CF0}.Release|Win32.Build.0 = Release|Win32
		{16C01B8C-F334-3D81-B902-245C43C25CF0}.MinSizeRel|Win32.ActiveCfg = MinSizeRel|Win32
		{16C01B8C-F334-3D81-B902-245C43C25CF0}.MinSizeRel|Win32.Build.0 = MinSizeRel|Win32
		{16C01B8C-F334-3D81-B902-245C43C25CF0}.RelWithDebInfo|Win32.ActiveCfg = RelWithDebInfo|Win32
		{16C01B8C-F334-3D81-B902-245C43C25CF0}.RelWithDebInfo|Win32.Build.0 = RelWithDebInfo|Win32
		{7CD1EBBB-2BE8-3414-AC5D-D9D2943D6B6E}.Debug|Win32.ActiveCfg = Debug|Win32
		{7CD1EBBB-2BE8-3414-AC5D-D9D2943D6B6E}.Debug|Win32.Build.0 = Debug|Win32
		{7CD1EBBB-2BE8-3414-AC5D-D9D2943D6B6E}.Release|Win32.ActiveCfg = Release|Win32
		{7CD1EBBB-2BE8-3414-AC5D-D9D2943D6B6E}.Release|Win32.Build.0 = Release|Win32
		{7CD1EBBB-2BE8-3414-AC5D-D9D2943D6B6E}.MinSizeRel|Win32.ActiveCfg = MinSizeRel|Win32
		{7CD1EBBB-2BE8-3414-AC5D-D9D2943D6B6E}.MinSizeRel|Win32.Build.0 = MinSizeRel|Win32
		{7CD1EBBB-2BE8-3414-AC5D-D9D2943D6B6E}.RelWithDebInfo|Win32.ActiveCfg = RelWithDebInfo|Win32
		{7CD1EBBB-2BE8-3414-AC5D-D9D2943D6B6E}.RelWithDebInfo|Win32.Build.0 = RelWithDebInfo|Win32
		{3EF9D0B8-2784-3B36-AB4F-31D94533ADEE}.Debug|Win32.ActiveCfg = Debug|Win32
		{3EF9D0B8-2784-3B36-AB4F-31D94533ADEE}.Debug|Win32.Build.0 = Debug|Win32
		{3EF9D0B8-2784-3B36-AB4F-31D94533ADEE}.Release|Win32.ActiveCfg = Release|Win32
		{3EF9D0B8-2784-3B36-AB4F-31D94533ADEE}.Release|Win32.Build.0 = Release|Win32
		{3EF9D0B8-2784-3B36-AB4F-31D94533ADEE}.MinSizeRel|Win32.ActiveCfg = MinSizeRel|Win32
		{3EF9D0B8-2784-3B36-AB4F-31D94533ADEE}.MinSizeRel|Win32.Build.0 = MinSizeRel|Win32
		{3EF9D0B8-2784-3B36-AB4F-31D94533ADEE}.RelWithDebInfo|Win32.ActiveCfg = RelWithDebInfo|Win32
		{3EF9D0B8-2784-3B36-AB4F-31D94533ADEE}.RelWithDebInfo|Win32.Build.0 = RelWithDebInfo|Win32
		{80A31CDF-880B-3D6B-B542-7935F7056B06}.Debug|Win32.ActiveCfg = Debug|Win32
		{80A31CDF-880B-3D6B-B542-7935F7056B06}.Debug|Win32.Build.0 = Debug|Win32
		{80A31CDF-880B-3D6B-B542-7935F7056B06}.Release|Win32.ActiveCfg = Release|Win32
		{80A31CDF-880B-3D6B-B542-7935F7056B06}.Release|Win32.Build.0 = Release|Win32
		{80A31CDF-880B-3D6B-B542-7935F7056B06}.MinSizeRel|Win32.ActiveCfg = MinSizeRel|Win32
		{80A31CDF-880B-3D6B-B542-7935F7056B06}.MinSizeRel|Win32.Build.0 = MinSizeRel|Win32
		{80A31CDF-880B-3D6B-B542-7935F7056B06}.RelWithDebInfo|Win32.ActiveCfg = RelWithDebInfo|Win32
		{80A31CDF-880B-3D6B-B542-7935F7056B06}.RelWithDebInfo|Win32.Build.0 = RelWithDebInfo|Win32
		{AE8E775B-A13B-3FB2-89D7-1101A210DA53}.Debug|Win32.ActiveCfg = Debug|Win32
		{AE8E775B-A13B-3FB2-89D7-1101A210DA53}.Debug|Win32.Build.0 = Debug|Win32
		{AE8E775B-A13B-3FB2-89D7-1101A210DA53}.Release|Win32.ActiveCfg = Release|Win32
		{AE8E775B-A13B-3FB2-89D7-1101A210DA53}.Release|Win32.Build.0 = Release|Win32
		{AE8E775B-A13B-3FB2-89D7-1101A210DA53}.MinSizeRel|Win32.ActiveCfg = MinSizeRel|Win32
		{AE8E775B-A13B-3FB2-89D7-1101A210DA53}.MinSizeRel|Win32.Build.0 = MinSizeRel|Win32
		{AE8E775B-A13B-3FB2-89D7-1101A210DA53}.RelWithDebInfo|Win32.ActiveCfg = RelWithDebInfo|Win32
		{AE8E775B-A13B-3FB2-89D7-1101A210DA53}.RelWithDebInfo|Win32.Build.0 = RelWithDebInfo|Win32
		{004813DD-619F-3239-849E-A28AB19846CF}.Debug|Win32.ActiveCfg = Debug|Win32
		{004813DD-619F-3239-849E-A28AB19846CF}.Debug|Win32.Build.0 = Debug|Win32
		{004813DD-619F-3239-849E-A28AB19846CF}.Release|Win32.ActiveCfg = Release|Win32
		{004813DD-619F-3239-849E-A28AB19846CF}.Release|Win32.Build.0 = Release|Win32
		{004813DD-619F-3239-849E-A28AB19846CF}.MinSizeRel|Win32.ActiveCfg = MinSizeRel|Win32
		{004813DD-619F-3239-849E-A28AB19846CF}.MinSizeRel|Win32.Build.0 = MinSizeRel|Win32
		{004813DD-619F-3239-849E-A28AB19846CF}.RelWithDebInfo|Win32.ActiveCfg = RelWithDebInfo|Win32
		{004813DD-619F-3239-849E-A28AB19846CF}.RelWithDebInfo|Win32.Build.0 = RelWithDebInfo|Win32
		{A22E122D-4464-320A-BC25-46861AF90C06}.Debug|Win32.ActiveCfg = Debug|Win32
		{A22E122D-4464-320A-BC25-46861AF90C06}.Debug|Win32.Build.0 = Debug|Win32
		{A22E122D-4464-320A-BC25-46861AF90C06}.Release|Win32.ActiveCfg = Release|Win32
		{A22E122D-4464-320A-BC25-46861AF90C06}.Release|Win32.Build.0 = Release|Win32
		{A22E122D-4464-320A-BC25-46861AF90C06}.MinSizeRel|Win32.ActiveCfg = MinSizeRel|Win32
		{A22E122D-4464-320A-BC25-46861AF90C06}.MinSizeRel|Win32.Build.0 = MinSizeRel|Win32
		{A22E122D-4464-320A-BC25-46861AF90C06}.RelWithDebInfo|Win32.ActiveCfg = RelWithDebInfo|Win32
		{A22E122D-4464-320A-BC25-46861AF90C06}.RelWithDebInfo|Win32.Build.0 = RelWithDebInfo|Win32
		{A2EC0076-B9FB-35D1-9EF1-70ADC70B3C77}.Debug|Win32.ActiveCfg = Debug|Win32
		{A2EC0076-B9FB-35D1-9EF1-70ADC70B3C77}.Debug|Win32.Build.0 = Debug|Win32
		{A2EC0076-B9FB-35D1-9EF1-70ADC70B3C77}.Release|Win32.ActiveCfg = Release|Win32
		{A2EC0076-B9FB-35D1-9EF1-70ADC70B3C77}.Release|Win32.Build.0 = Release|Win32
		{A2EC0076-B9FB-35D1-9EF1-70ADC70B3C77}.MinSizeRel|Win32.ActiveCfg = MinSizeRel|Win32
		{A2EC0076-B9FB-35D1-9EF1-70ADC70B3C77}.MinSizeRel|Win32.Build.0 = MinSizeRel|Win32
		{A2EC0076-B9FB-35D1-9EF1-70ADC70B3C77}.RelWithDebInfo|Win32.ActiveCfg = RelWithDebInfo|Win32
		{A2EC0076-B9FB-35D1-9EF1-70ADC70B3C77}.RelWithDebInfo|Win32.Build.0 = RelWithDebInfo|Win32
		{9E2CDA04-94B7-3DFB-B241-747C67F9D781}.Debug|Win32.ActiveCfg = Debug|Win32
		{9E2CDA04-94B7-3DFB-B241-747C67F9D781}.Debug|Win32.Build.0 = Debug|Win32
		{9E2CDA04-94B7-3DFB-B241-747C67F9D781}.Release|Win32.ActiveCfg = Release|Win32
		{9E2CDA04-94B7-3DFB-B241-747C67F9D781}.Release|Win32.Build.0 = Release|Win32
		{9E2CDA04-94B7-3DFB-B241-747C67F9D781}.MinSizeRel|Win32.ActiveCfg = MinSizeRel|Win32
		{9E2CDA04-94B7-3DFB-B241-747C67F9D781}.MinSizeRel|Win32.Build.0 = MinSizeRel|Win32
		{9E2CDA04-94B7-3DFB-B241-747C67F9D781}.RelWithDebInfo|Win32.ActiveCfg = RelWithDebInfo|Win32
		{9E2CDA04-94B7-3DFB-B241-747C67F9D781}.RelWithDebInfo|Win32.Build.0 = RelWithDebInfo|Win32
		{D265DA8A-6BBE-387A-8038-9B5DEB87427E}.Debug|Win32.ActiveCfg = Debug|Win32
		{D265DA8A-6BBE-387A-8038-9B5DEB87427E}.Debug|Win32.Build.0 = Debug|Win32
		{D265DA8A-6BBE-387A-8038-9B5DEB87427E}.Release|Win32.ActiveCfg = Release|Win32
		{D265DA8A-6BBE-387A-8038-9B5DEB87427E}.Release|Win32.Build.0 = Release|Win32
		{D265DA8A-6BBE-387A-8038-9B5DEB87427E}.MinSizeRel|Win32.ActiveCfg = MinSizeRel|Win32
		{D265DA8A-6BBE-387A-8038-9B5DEB87427E}.MinSizeRel|Win32.Build.0 = MinSizeRel|Win32
		{D265DA8A-6BBE-387A-8038-9B5DEB87427E}.RelWithDebInfo|Win32.ActiveCfg = RelWithDebInfo|Win32
		{D265DA8A-6BBE-387A-8038-9B5DEB87427E}.RelWithDebInfo|Win32.Build.0 = RelWithDebInfo|Win32
	EndGlobalSection
	GlobalSection(NestedProjects) = preSolution
		{CF254709-95B7-39A4-9F0B-14B31D7C4A28} = {ECACDE79-349B-3DF5-B024-6145EC5381BB}
		{3AC65CE1-A6D8-38A7-9D30-5880E4CF8968} = {ECACDE79-349B-3DF5-B024-6145EC5381BB}
		{FAF17B3D-44BB-35A1-9101-2D296E9667F1} = {CDA516D6-30C2-3B62-8598-D4C427978A68}
		{16C01B8C-F334-3D81-B902-245C43C25CF0} = {CDA516D6-30C2-3B62-8598-D4C427978A68}
		{7CD1EBBB-2BE8-3414-AC5D-D9D2943D6B6E} = {CDA516D6-30C2-3B62-8598-D4C427978A68}
		{3EF9D0B8-2784-3B36-AB4F-31D94533ADEE} = {CDA516D6-30C2-3B62-8598-D4C427978A68}
		{80A31CDF-880B-3D6B-B542-7935F7056B06} = {CDA516D6-30C2-3B62-8598-D4C427978A68}
		{AE8E775B-A13B-3FB2-89D7-1101A210DA53} = {CDA516D6-30C2-3B62-8598-D4C427978A68}
		{004813DD-619F-3239-849E-A28AB19846CF} = {CDA516D6-30C2-3B62-8598-D4C427978A68}
		{A22E122D-4464-320A-BC25-46861AF90C06} = {CDA516D6-30C2-3B62-8598-D4C427978A68}
		{A2EC0076-B9FB-35D1-9EF1-70ADC70B3C77} = {CDA516D6-30C2-3B62-8598-D4C427978A68}
		{9E2CDA04-94B7-3DFB-B241-747C67F9D781} = {CDA516D6-30C2-3B62-8598-D4C427978A68}
		{D265DA8A-6BBE-387A-8038-9B5DEB87427E} = {CDA516D6-30C2-3B62-8598-D4C427978A68}
		{EE8429F7-9FEE-375A-8CC3-CC559164B9DB} = {8FC0D8BC-6D55-3EE5-A27D-1852A2295280}
	EndGlobalSection
	GlobalSection(ExtensibilityGlobals) = postSolution
		SolutionGuid = {25735C34-6624-3EE8-BD6A-239FBAB30DBE}
	EndGlobalSection
	GlobalSection(ExtensibilityAddIns) = postSolution
	EndGlobalSection
EndGlobal
